
Microsoft Visual Studio Solution File, Format Version 12.00
# Visual Studio Version 16
VisualStudioVersion = 16.0.30621.155
MinimumVisualStudioVersion = 10.0.40219.1
Project("{FAE04EC0-301F-11D3-BF4B-00C04F79EFBC}") = "FileUpload", "FileUpload\FileUpload.csproj", "{826FF4C9-AA7E-4481-8BC8-7FABEE2D4794}"
EndProject
Global
	GlobalSection(SolutionConfigurationPlatforms) = preSolution
		Debug|Any CPU = Debug|Any CPU
		Release|Any CPU = Release|Any CPU
	EndGlobalSection
	GlobalSection(ProjectConfigurationPlatforms) = postSolution
		{826FF4C9-AA7E-4481-8BC8-7FABEE2D4794}.Debug|Any CPU.ActiveCfg = Debug|Any CPU
		{826FF4C9-AA7E-4481-8BC8-7FABEE2D4794}.Debug|Any CPU.Build.0 = Debug|Any CPU
		{826FF4C9-AA7E-4481-8BC8-7FABEE2D4794}.Release|Any CPU.ActiveCfg = Release|Any CPU
		{826FF4C9-AA7E-4481-8BC8-7FABEE2D4794}.Release|Any CPU.Build.0 = Release|Any CPU
	EndGlobalSection
	GlobalSection(SolutionProperties) = preSolution
		HideSolutionNode = FALSE
	EndGlobalSection
	GlobalSection(ExtensibilityGlobals) = postSolution
		SolutionGuid = {F11DD519-C6A5-4424-9EC9-3C49C8F5F734}
	EndGlobalSection
EndGlobal
